PODS:
  - Flutter (1.0.0)
  - fulive_plugin (0.0.8):
    - Flutter
    - FURenderKit (= 7.4.1)
    - MJExtension
    - SVProgressHUD
  - FURenderKit (7.4.1)
  - MJExtension (3.0.15.1)
  - SVProgressHUD (2.2.5)

DEPENDENCIES:
  - Flutter (from `Flutter`)
  - fulive_plugin (from `.symlinks/plugins/fulive_plugin/ios`)

SPEC REPOS:
  trunk:
    - FURenderKit
    - MJExtension
    - SVProgressHUD

EXTERNAL SOURCES:
  Flutter:
    :path: Flutter
  fulive_plugin:
    :path: ".symlinks/plugins/fulive_plugin/ios"

SPEC CHECKSUMS:
  Flutter: 50d75fe2f02b26cc09d224853bb45737f8b3214a
  fulive_plugin: 3ee9e4518b58225cf0b96c2ba356206258ba2e90
  FURenderKit: f561e8ffb6f90519b64417450385b30004aa2430
  MJExtension: 19bc33ce2eee2d319760f5622562cf581a6ff756
  SVProgressHUD: 1428aafac632c1f86f62aa4243ec12008d7a51d6

PODFILE CHECKSUM: 8e679eca47255a8ca8067c4c67aab20e64cb974d

COCOAPODS: 1.11.2
